// !$*UTF8*$!
{
	archiveVersion = 1;
	classes = {
	};
	objectVersion = 55;
	objects = {

/* Begin PBXBuildFile section */
		09FD8F0A276B3268002E6F18 /* AppDelegate.m in Sources */ = {isa = PBXBuildFile; fileRef = 09FD8F09276B3268002E6F18 /* AppDelegate.m */; };
		09FD8F0D276B3268002E6F18 /* SceneDelegate.m in Sources */ = {isa = PBXBuildFile; fileRef = 09FD8F0C276B3268002E6F18 /* SceneDelegate.m */; };
		09FD8F10276B3268002E6F18 /* ViewController.m in Sources */ = {isa = PBXBuildFile; fileRef = 09FD8F0F276B3268002E6F18 /* ViewController.m */; };
		09FD8F13276B3268002E6F18 /* Main.storyboard in Resources */ = {isa = PBXBuildFile; fileRef = 09FD8F11276B3268002E6F18 /* Main.storyboard */; };
		09FD8F15276B326A002E6F18 /* Assets.xcassets in Resources */ = {isa = PBXBuildFile; fileRef = 09FD8F14276B326A002E6F18 /* Assets.xcassets */; };
		09FD8F18276B326A002E6F18 /* LaunchScreen.storyboard in Resources */ = {isa = PBXBuildFile; fileRef = 09FD8F16276B326A002E6F18 /* LaunchScreen.storyboard */; };
		09FD8F1B276B326A002E6F18 /* main.m in Sources */ = {isa = PBXBuildFile; fileRef = 09FD8F1A276B326A002E6F18 /* main.m */; };
		09FD8F23276B3289002E6F18 /* loadnetworkImage.m in Sources */ = {isa = PBXBuildFile; fileRef = 09FD8F22276B3289002E6F18 /* loadnetworkImage.m */; };
		49BC01F85A45E8A75B259095 /* Pods_loadnetworkImage.framework in Frameworks */ = {isa = PBXBuildFile; fileRef = E1D1822E066E6C2B3869D819 /* Pods_loadnetworkImage.framework */; };
/* End PBXBuildFile section */

/* Begin PBXFileReference section */
		09FD8F05276B3268002E6F18 /* loadnetworkImage.app */ = {isa = PBXFileReference; explicitFileType = wrapper.application; includeInIndex = 0; path = loadnetworkImage.app; sourceTree = BUILT_PRODUCTS_DIR; };
		09FD8F08276B3268002E6F18 /* AppDelegate.h */ = {isa = PBXFileReference; lastKnownFileType = sourcecode.c.h; path = AppDelegate.h; sourceTree = "<group>"; };
		09FD8F09276B3268002E6F18 /* AppDelegate.m */ = {isa = PBXFileReference; lastKnownFileType = sourcecode.c.objc; path = AppDelegate.m; sourceTree = "<group>"; };
		09FD8F0B276B3268002E6F18 /* SceneDelegate.h */ = {isa = PBXFileReference; lastKnownFileType = sourcecode.c.h; path = SceneDelegate.h; sourceTree = "<group>"; };
		09FD8F0C276B3268002E6F18 /* SceneDelegate.m */ = {isa = PBXFileReference; lastKnownFileType = sourcecode.c.objc; path = SceneDelegate.m; sourceTree = "<group>"; };
		09FD8F0E276B3268002E6F18 /* ViewController.h */ = {isa = PBXFileReference; lastKnownFileType = sourcecode.c.h; path = ViewController.h; sourceTree = "<group>"; };
		09FD8F0F276B3268002E6F18 /* ViewController.m */ = {isa = PBXFileReference; lastKnownFileType = sourcecode.c.objc; path = ViewController.m; sourceTree = "<group>"; };
		09FD8F12276B3268002E6F18 /* Base */ = {isa = PBXFileReference; lastKnownFileType = file.storyboard; name = Base; path = Base.lproj/Main.storyboard; sourceTree = "<group>"; };
		09FD8F14276B326A002E6F18 /* Assets.xcassets */ = {isa = PBXFileReference; lastKnownFileType = folder.assetcatalog; path = Assets.xcassets; sourceTree = "<group>"; };
		09FD8F17276B326A002E6F18 /* Base */ = {isa = PBXFileReference; lastKnownFileType = file.storyboard; name = Base; path = Base.lproj/LaunchScreen.storyboard; sourceTree = "<group>"; };
		09FD8F19276B326A002E6F18 /* Info.plist */ = {isa = PBXFileReference; lastKnownFileType = text.plist.xml; path = Info.plist; sourceTree = "<group>"; };
		09FD8F1A276B326A002E6F18 /* main.m */ = {isa = PBXFileReference; lastKnownFileType = sourcecode.c.objc; path = main.m; sourceTree = "<group>"; };
		09FD8F21276B3289002E6F18 /* loadnetworkImage.h */ = {isa = PBXFileReference; lastKnownFileType = sourcecode.c.h; path = loadnetworkImage.h; sourceTree = "<group>"; };
		09FD8F22276B3289002E6F18 /* loadnetworkImage.m */ = {isa = PBXFileReference; lastKnownFileType = sourcecode.c.objc; path = loadnetworkImage.m; sourceTree = "<group>"; };
		2344E9496BC89E8BECDD7CE7 /* Pods-loadnetworkImage.release.xcconfig */ = {isa = PBXFileReference; includeInIndex = 1; lastKnownFileType = text.xcconfig; name = "Pods-loadnetworkImage.release.xcconfig"; path = "Target Support Files/Pods-loadnetworkImage/Pods-loadnetworkImage.release.xcconfig"; sourceTree = "<group>"; };
		B9FA3C8F8FCB6B5E117D74F0 /* Pods-loadnetworkImage.debug.xcconfig */ = {isa = PBXFileReference; includeInIndex = 1; lastKnownFileType = text.xcconfig; name = "Pods-loadnetworkImage.debug.xcconfig"; path = "Target Support Files/Pods-loadnetworkImage/Pods-loadnetworkImage.debug.xcconfig"; sourceTree = "<group>"; };
		E1D1822E066E6C2B3869D819 /* Pods_loadnetworkImage.framework */ = {isa = PBXFileReference; explicitFileType = wrapper.framework; includeInIndex = 0; path = Pods_loadnetworkImage.framework; sourceTree = BUILT_PRODUCTS_DIR; };
/* End PBXFileReference section */

/* Begin PBXFrameworksBuildPhase section */
		09FD8F02276B3268002E6F18 /* Frameworks */ = {
			isa = PBXFrameworksBuildPhase;
			buildActionMask = 2147483647;
			files = (
				49BC01F85A45E8A75B259095 /* Pods_loadnetworkImage.framework in Frameworks */,
			);
			runOnlyForDeploymentPostprocessing = 0;
		};
/* End PBXFrameworksBuildPhase section */

/* Begin PBXGroup section */
		09FD8EFC276B3268002E6F18 = {
			isa = PBXGroup;
			children = (
				09FD8F07276B3268002E6F18 /* loadnetworkImage */,
				09FD8F06276B3268002E6F18 /* Products */,
				E485CB44BECB76873B9931E4 /* Pods */,
				ADAD1BC069DD732A5344C299 /* Frameworks */,
			);
			sourceTree = "<group>";
		};
		09FD8F06276B3268002E6F18 /* Products */ = {
			isa = PBXGroup;
			children = (
				09FD8F05276B3268002E6F18 /* loadnetworkImage.app */,
			);
			name = Products;
			sourceTree = "<group>";
		};
		09FD8F07276B3268002E6F18 /* loadnetworkImage */ = {
			isa = PBXGroup;
			children = (
				09FD8F08276B3268002E6F18 /* AppDelegate.h */,
				09FD8F09276B3268002E6F18 /* AppDelegate.m */,
				09FD8F0B276B3268002E6F18 /* SceneDelegate.h */,
				09FD8F0C276B3268002E6F18 /* SceneDelegate.m */,
				09FD8F0E276B3268002E6F18 /* ViewController.h */,
				09FD8F0F276B3268002E6F18 /* ViewController.m */,
				09FD8F21276B3289002E6F18 /* loadnetworkImage.h */,
				09FD8F22276B3289002E6F18 /* loadnetworkImage.m */,
				09FD8F11276B3268002E6F18 /* Main.storyboard */,
				09FD8F14276B326A002E6F18 /* Assets.xcassets */,
				09FD8F16276B326A002E6F18 /* LaunchScreen.storyboard */,
				09FD8F19276B326A002E6F18 /* Info.plist */,
				09FD8F1A276B326A002E6F18 /* main.m */,
			);
			path = loadnetworkImage;
			sourceTree = "<group>";
		};
		ADAD1BC069DD732A5344C299 /* Frameworks */ = {
			isa = PBXGroup;
			children = (
				E1D1822E066E6C2B3869D819 /* Pods_loadnetworkImage.framework */,
			);
			name = Frameworks;
			sourceTree = "<group>";
		};
		E485CB44BECB76873B9931E4 /* Pods */ = {
			isa = PBXGroup;
			children = (
				B9FA3C8F8FCB6B5E117D74F0 /* Pods-loadnetworkImage.debug.xcconfig */,
				2344E9496BC89E8BECDD7CE7 /* Pods-loadnetworkImage.release.xcconfig */,
			);
			name = Pods;
			path = Pods;
			sourceTree = "<group>";
		};
/* End PBXGroup section */

/* Begin PBXNativeTarget section */
		09FD8F04276B3268002E6F18 /* loadnetworkImage */ = {
			isa = PBXNativeTarget;
			buildConfigurationList = 09FD8F1E276B326A002E6F18 /* Build configuration list for PBXNativeTarget "loadnetworkImage" */;
			buildPhases = (
				979BA5346AB44D74AE590F0B /* [CP] Check Pods Manifest.lock */,
				09FD8F01276B3268002E6F18 /* Sources */,
				09FD8F02276B3268002E6F18 /* Frameworks */,
				09FD8F03276B3268002E6F18 /* Resources */,
			);
			buildRules = (
			);
			dependencies = (
			);
			name = loadnetworkImage;
			productName = loadnetworkImage;
			productReference = 09FD8F05276B3268002E6F18 /* loadnetworkImage.app */;
			productType = "com.apple.product-type.application";
		};
/* End PBXNativeTarget section */

/* Begin PBXProject section */
		09FD8EFD276B3268002E6F18 /* Project object */ = {
			isa = PBXProject;
			attributes = {
				BuildIndependentTargetsInParallel = 1;
				LastUpgradeCheck = 1310;
				TargetAttributes = {
					09FD8F04276B3268002E6F18 = {
						CreatedOnToolsVersion = 13.1;
					};
				};
			};
			buildConfigurationList = 09FD8F00276B3268002E6F18 /* Build configuration list for PBXProject "loadnetworkImage" */;
			compatibilityVersion = "Xcode 13.0";
			developmentRegion = en;
			hasScannedForEncodings = 0;
			knownRegions = (
				en,
				Base,
			);
			mainGroup = 09FD8EFC276B3268002E6F18;
			productRefGroup = 09FD8F06276B3268002E6F18 /* Products */;
			projectDirPath = "";
			projectRoot = "";
			targets = (
				09FD8F04276B3268002E6F18 /* loadnetworkImage */,
			);
		};
/* End PBXProject section */

/* Begin PBXResourcesBuildPhase section */
		09FD8F03276B3268002E6F18 /* Resources */ = {
			isa = PBXResourcesBuildPhase;
			buildActionMask = 2147483647;
			files = (
				09FD8F18276B326A002E6F18 /* LaunchScreen.storyboard in Resources */,
				09FD8F15276B326A002E6F18 /* Assets.xcassets in Resources */,
				09FD8F13276B3268002E6F18 /* Main.storyboard in Resources */,
			);
			runOnlyForDeploymentPostprocessing = 0;
		};
/* End PBXResourcesBuildPhase section */

/* Begin PBXShellScriptBuildPhase section */
		979BA5346AB44D74AE590F0B /* [CP] Check Pods Manifest.lock */ = {
			isa = PBXShellScriptBuildPhase;
			buildActionMask = 2147483647;
			files = (
			);
			inputFileListPaths = (
			);
			inputPaths = (
				"${PODS_PODFILE_DIR_PATH}/Podfile.lock",
				"${PODS_ROOT}/Manifest.lock",
			);
			name = "[CP] Check Pods Manifest.lock";
			outputFileListPaths = (
			);
			outputPaths = (
				"$(DERIVED_FILE_DIR)/Pods-loadnetworkImage-checkManifestLockResult.txt",
			);
			runOnlyForDeploymentPostprocessing = 0;
			shellPath = /bin/sh;
			shellScript = "diff \"${PODS_PODFILE_DIR_PATH}/Podfile.lock\" \"${PODS_ROOT}/Manifest.lock\" > /dev/null\nif [ $? != 0 ] ; then\n    # print error to STDERR\n    echo \"error: The sandbox is not in sync with the Podfile.lock. Run 'pod install' or update your CocoaPods installation.\" >&2\n    exit 1\nfi\n# This output is used by Xcode 'outputs' to avoid re-running this script phase.\necho \"SUCCESS\" > \"${SCRIPT_OUTPUT_FILE_0}\"\n";
			showEnvVarsInLog = 0;
		};
/* End PBXShellScriptBuildPhase section */

/* Begin PBXSourcesBuildPhase section */
		09FD8F01276B3268002E6F18 /* Sources */ = {
			isa = PBXSourcesBuildPhase;
			buildActionMask = 2147483647;
			files = (
				09FD8F10276B3268002E6F18 /* ViewController.m in Sources */,
				09FD8F0A276B3268002E6F18 /* AppDelegate.m in Sources */,
				09FD8F1B276B326A002E6F18 /* main.m in Sources */,
				09FD8F23276B3289002E6F18 /* loadnetworkImage.m in Sources */,
				09FD8F0D276B3268002E6F18 /* SceneDelegate.m in Sources */,
			);
			runOnlyForDeploymentPostprocessing = 0;
		};
/* End PBXSourcesBuildPhase section */

/* Begin PBXVariantGroup section */
		09FD8F11276B3268002E6F18 /* Main.storyboard */ = {
			isa = PBXVariantGroup;
			children = (
				09FD8F12276B3268002E6F18 /* Base */,
			);
			name = Main.storyboard;
			sourceTree = "<group>";
		};
		09FD8F16276B326A002E6F18 /* LaunchScreen.storyboard */ = {
			isa = PBXVariantGroup;
			children = (
				09FD8F17276B326A002E6F18 /* Base */,
			);
			name = LaunchScreen.storyboard;
			sourceTree = "<group>";
		};
/* End PBXVariantGroup section */

/* Begin XCBuildConfiguration section */
		09FD8F1C276B326A002E6F18 /* Debug */ = {
			isa = XCBuildConfiguration;
			buildSettings = {
				ALWAYS_SEARCH_USER_PATHS = NO;
				CLANG_ANALYZER_NONNULL = YES;
				CLANG_ANALYZER_NUMBER_OBJECT_CONVERSION = YES_AGGRESSIVE;
				CLANG_CXX_LANGUAGE_STANDARD = "gnu++17";
				CLANG_CXX_LIBRARY = "libc++";
				CLANG_ENABLE_MODULES = YES;
				CLANG_ENABLE_OBJC_ARC = YES;
				CLANG_ENABLE_OBJC_WEAK = YES;
				CLANG_WARN_BLOCK_CAPTURE_AUTORELEASING = YES;
				CLANG_WARN_BOOL_CONVERSION = YES;
				CLANG_WARN_COMMA = YES;
				CLANG_WARN_CONSTANT_CONVERSION = YES;
				CLANG_WARN_DEPRECATED_OBJC_IMPLEMENTATIONS = YES;
				CLANG_WARN_DIRECT_OBJC_ISA_USAGE = YES_ERROR;
				CLANG_WARN_DOCUMENTATION_COMMENTS = YES;
				CLANG_WARN_EMPTY_BODY = YES;
				CLANG_WARN_ENUM_CONVERSION = YES;
				CLANG_WARN_INFINITE_RECURSION = YES;
				CLANG_WARN_INT_CONVERSION = YES;
				CLANG_WARN_NON_LITERAL_NULL_CONVERSION = YES;
				CLANG_WARN_OBJC_IMPLICIT_RETAIN_SELF = YES;
				CLANG_WARN_OBJC_LITERAL_CONVERSION = YES;
				CLANG_WARN_OBJC_ROOT_CLASS = YES_ERROR;
				CLANG_WARN_QUOTED_INCLUDE_IN_FRAMEWORK_HEADER = YES;
				CLANG_WARN_RANGE_LOOP_ANALYSIS = YES;
				CLANG_WARN_STRICT_PROTOTYPES = YES;
				CLANG_WARN_SUSPICIOUS_MOVE = YES;
				CLANG_WARN_UNGUARDED_AVAILABILITY = YES_AGGRESSIVE;
				CLANG_WARN_UNREACHABLE_CODE = YES;
				CLANG_WARN__DUPLICATE_METHOD_MATCH = YES;
				COPY_PHASE_STRIP = NO;
				DEBUG_INFORMATION_FORMAT = dwarf;
				ENABLE_STRICT_OBJC_MSGSEND = YES;
				ENABLE_TESTABILITY = YES;
				GCC_C_LANGUAGE_STANDARD = gnu11;
				GCC_DYNAMIC_NO_PIC = NO;
				GCC_NO_COMMON_BLOCKS = YES;
				GCC_OPTIMIZATION_LEVEL = 0;
				GCC_PREPROCESSOR_DEFINITIONS = (
					"DEBUG=1",
					"$(inherited)",
				);
				GCC_WARN_64_TO_32_BIT_CONVERSION = YES;
				GCC_WARN_ABOUT_RETURN_TYPE = YES_ERROR;
				GCC_WARN_UNDECLARED_SELECTOR = YES;
				GCC_WARN_UNINITIALIZED_AUTOS = YES_AGGRESSIVE;
				GCC_WARN_UNUSED_FUNCTION = YES;
				GCC_WARN_UNUSED_VARIABLE = YES;
				IPHONEOS_DEPLOYMENT_TARGET = 15.0;
				MTL_ENABLE_DEBUG_INFO = INCLUDE_SOURCE;
				MTL_FAST_MATH = YES;
				ONLY_ACTIVE_ARCH = YES;
				SDKROOT = iphoneos;
			};
			name = Debug;
		};
		09FD8F1D276B326A002E6F18 /* Release */ = {
			isa = XCBuildConfiguration;
			buildSettings = {
				ALWAYS_SEARCH_USER_PATHS = NO;
				CLANG_ANALYZER_NONNULL = YES;
				CLANG_ANALYZER_NUMBER_OBJECT_CONVERSION = YES_AGGRESSIVE;
				CLANG_CXX_LANGUAGE_STANDARD = "gnu++17";
				CLANG_CXX_LIBRARY = "libc++";
				CLANG_ENABLE_MODULES = YES;
				CLANG_ENABLE_OBJC_ARC = YES;
				CLANG_ENABLE_OBJC_WEAK = YES;
				CLANG_WARN_BLOCK_CAPTURE_AUTORELEASING = YES;
				CLANG_WARN_BOOL_CONVERSION = YES;
				CLANG_WARN_COMMA = YES;
				CLANG_WARN_CONSTANT_CONVERSION = YES;
				CLANG_WARN_DEPRECATED_OBJC_IMPLEMENTATIONS = YES;
				CLANG_WARN_DIRECT_OBJC_ISA_USAGE = YES_ERROR;
				CLANG_WARN_DOCUMENTATION_COMMENTS = YES;
				CLANG_WARN_EMPTY_BODY = YES;
				CLANG_WARN_ENUM_CONVERSION = YES;
				CLANG_WARN_INFINITE_RECURSION = YES;
				CLANG_WARN_INT_CONVERSION = YES;
				CLANG_WARN_NON_LITERAL_NULL_CONVERSION = YES;
				CLANG_WARN_OBJC_IMPLICIT_RETAIN_SELF = YES;
				CLANG_WARN_OBJC_LITERAL_CONVERSION = YES;
				CLANG_WARN_OBJC_ROOT_CLASS = YES_ERROR;
				CLANG_WARN_QUOTED_INCLUDE_IN_FRAMEWORK_HEADER = YES;
				CLANG_WARN_RANGE_LOOP_ANALYSIS = YES;
				CLANG_WARN_STRICT_PROTOTYPES = YES;
				CLANG_WARN_SUSPICIOUS_MOVE = YES;
				CLANG_WARN_UNGUARDED_AVAILABILITY = YES_AGGRESSIVE;
				CLANG_WARN_UNREACHABLE_CODE = YES;
				CLANG_WARN__DUPLICATE_METHOD_MATCH = YES;
				COPY_PHASE_STRIP = NO;
				DEBUG_INFORMATION_FORMAT = "dwarf-with-dsym";
				ENABLE_NS_ASSERTIONS = NO;
				ENABLE_STRICT_OBJC_MSGSEND = YES;
				GCC_C_LANGUAGE_STANDARD = gnu11;
				GCC_NO_COMMON_BLOCKS = YES;
				GCC_WARN_64_TO_32_BIT_CONVERSION = YES;
				GCC_WARN_ABOUT_RETURN_TYPE = YES_ERROR;
				GCC_WARN_UNDECLARED_SELECTOR = YES;
				GCC_WARN_UNINITIALIZED_AUTOS = YES_AGGRESSIVE;
				GCC_WARN_UNUSED_FUNCTION = YES;
				GCC_WARN_UNUSED_VARIABLE = YES;
				IPHONEOS_DEPLOYMENT_TARGET = 15.0;
				MTL_ENABLE_DEBUG_INFO = NO;
				MTL_FAST_MATH = YES;
				SDKROOT = iphoneos;
				VALIDATE_PRODUCT = YES;
			};
			name = Release;
		};
		09FD8F1F276B326A002E6F18 /* Debug */ = {
			isa = XCBuildConfiguration;
			baseConfigurationReference = B9FA3C8F8FCB6B5E117D74F0 /* Pods-loadnetworkImage.debug.xcconfig */;
			buildSettings = {
				ASSETCATALOG_COMPILER_APPICON_NAME = AppIcon;
				ASSETCATALOG_COMPILER_GLOBAL_ACCENT_COLOR_NAME = AccentColor;
				CODE_SIGN_STYLE = Automatic;
				CURRENT_PROJECT_VERSION = 1;
				DEVELOPMENT_TEAM = X8H2FVY856;
				GENERATE_INFOPLIST_FILE = YES;
				INFOPLIST_FILE = loadnetworkImage/Info.plist;
				INFOPLIST_KEY_UIApplicationSupportsIndirectInputEvents = YES;
				INFOPLIST_KEY_UILaunchStoryboardName = LaunchScreen;
				INFOPLIST_KEY_UIMainStoryboardFile = Main;
				INFOPLIST_KEY_UISupportedInterfaceOrientations_iPad = "UIInterfaceOrientationPortrait UIInterfaceOrientationPortraitUpsideDown UIInterfaceOrientationLandscapeLeft UIInterfaceOrientationLandscapeRight";
				INFOPLIST_KEY_UISupportedInterfaceOrientations_iPhone = "UIInterfaceOrientationPortrait UIInterfaceOrientationLandscapeLeft UIInterfaceOrientationLandscapeRight";
				LD_RUNPATH_SEARCH_PATHS = (
					"$(inherited)",
					"@executable_path/Frameworks",
				);
				MARKETING_VERSION = 1.0;
				PRODUCT_BUNDLE_IDENTIFIER = com.pp.cpp.loadnetworkImage;
				PRODUCT_NAME = "$(TARGET_NAME)";
				SWIFT_EMIT_LOC_STRINGS = YES;
				TARGETED_DEVICE_FAMILY = "1,2";
			};
			name = Debug;
		};
		09FD8F20276B326A002E6F18 /* Release */ = {
			isa = XCBuildConfiguration;
			baseConfigurationReference = 2344E9496BC89E8BECDD7CE7 /* Pods-loadnetworkImage.release.xcconfig */;
			buildSettings = {
				ASSETCATALOG_COMPILER_APPICON_NAME = AppIcon;
				ASSETCATALOG_COMPILER_GLOBAL_ACCENT_COLOR_NAME = AccentColor;
				CODE_SIGN_STYLE = Automatic;
				CURRENT_PROJECT_VERSION = 1;
				DEVELOPMENT_TEAM = X8H2FVY856;
				GENERATE_INFOPLIST_FILE = YES;
				INFOPLIST_FILE = loadnetworkImage/Info.plist;
				INFOPLIST_KEY_UIApplicationSupportsIndirectInputEvents = YES;
				INFOPLIST_KEY_UILaunchStoryboardName = LaunchScreen;
				INFOPLIST_KEY_UIMainStoryboardFile = Main;
				INFOPLIST_KEY_UISupportedInterfaceOrientations_iPad = "UIInterfaceOrientationPortrait UIInterfaceOrientationPortraitUpsideDown UIInterfaceOrientationLandscapeLeft UIInterfaceOrientationLandscapeRight";
				INFOPLIST_KEY_UISupportedInterfaceOrientations_iPhone = "UIInterfaceOrientationPortrait UIInterfaceOrientationLandscapeLeft UIInterfaceOrientationLandscapeRight";
				LD_RUNPATH_SEARCH_PATHS = (
					"$(inherited)",
					"@executable_path/Frameworks",
				);
				MARKETING_VERSION = 1.0;
				PRODUCT_BUNDLE_IDENTIFIER = com.pp.cpp.loadnetworkImage;
				PRODUCT_NAME = "$(TARGET_NAME)";
				SWIFT_EMIT_LOC_STRINGS = YES;
				TARGETED_DEVICE_FAMILY = "1,2";
			};
			name = Release;
		};
/* End XCBuildConfiguration section */

/* Begin XCConfigurationList section */
		09FD8F00276B3268002E6F18 /* Build configuration list for PBXProject "loadnetworkImage" */ = {
			isa = XCConfigurationList;
			buildConfigurations = (
				09FD8F1C276B326A002E6F18 /* Debug */,
				09FD8F1D276B326A002E6F18 /* Release */,
			);
			defaultConfigurationIsVisible = 0;
			defaultConfigurationName = Release;
		};
		09FD8F1E276B326A002E6F18 /* Build configuration list for PBXNativeTarget "loadnetworkImage" */ = {
			isa = XCConfigurationList;
			buildConfigurations = (
				09FD8F1F276B326A002E6F18 /* Debug */,
				09FD8F20276B326A002E6F18 /* Release */,
			);
			defaultConfigurationIsVisible = 0;
			defaultConfigurationName = Release;
		};
/* End XCConfigurationList section */
	};
	rootObject = 09FD8EFD276B3268002E6F18 /* Project object */;
}
